
Microsoft Visual Studio Solution File, Format Version 12.00
# Visual Studio Version 17
VisualStudioVersion = 17.0.31903.59
MinimumVisualStudioVersion = 10.0.40219.1
Project("{2150E333-8FDC-42A3-9474-1A3956D46DE8}") = "src", "src", "{5BB499E2-8F2A-4321-8FF9-E1FA2B8CEAF4}"
EndProject
Project("{9A19103F-16F7-4668-BE54-9A1E7A4F7556}") = "Mirage.Core", "src\Mirage.Core\Mirage.Core.csproj", "{E0C03125-2245-4104-90CB-ED89B6ED4FB9}"
EndProject
Project("{9A19103F-16F7-4668-BE54-9A1E7A4F7556}") = "Mirage.CodeGen", "src\Mirage.CodeGen\Mirage.CodeGen.csproj", "{2107C2CB-EE60-4407-952A-9438106C15BF}"
EndProject
Project("{9A19103F-16F7-4668-BE54-9A1E7A4F7556}") = "Example", "samples\Example.csproj", "{6A6851C4-326B-4F2D-889E-A31ABA820273}"
EndProject
Project("{2150E333-8FDC-42A3-9474-1A3956D46DE8}") = "Solution Items", "Solution Items", "{0ACE32DC-579F-410D-BAB7-5D3B72FDF464}"
	ProjectSection(SolutionItems) = preProject
		.editorconfig = .editorconfig
	EndProjectSection
EndProject
Project("{FAE04EC0-301F-11D3-BF4B-00C04F79EFBC}") = "Mirage.SocketLayer", "src\Mirage.SocketLayer\Mirage.SocketLayer.csproj", "{152A8759-48D1-42A7-93F7-CFBCA3F6567D}"
EndProject
Project("{FAE04EC0-301F-11D3-BF4B-00C04F79EFBC}") = "Mirage.Logging", "src\Mirage.Logging\Mirage.Logging.csproj", "{32C73961-A4EA-4A91-BC85-DAFF87C8E49F}"
EndProject
Global
	GlobalSection(SolutionConfigurationPlatforms) = preSolution
		Debug|Any CPU = Debug|Any CPU
		Release|Any CPU = Release|Any CPU
	EndGlobalSection
	GlobalSection(ProjectConfigurationPlatforms) = postSolution
		{E0C03125-2245-4104-90CB-ED89B6ED4FB9}.Debug|Any CPU.ActiveCfg = Debug|Any CPU
		{E0C03125-2245-4104-90CB-ED89B6ED4FB9}.Debug|Any CPU.Build.0 = Debug|Any CPU
		{E0C03125-2245-4104-90CB-ED89B6ED4FB9}.Release|Any CPU.ActiveCfg = Release|Any CPU
		{E0C03125-2245-4104-90CB-ED89B6ED4FB9}.Release|Any CPU.Build.0 = Release|Any CPU
		{2107C2CB-EE60-4407-952A-9438106C15BF}.Debug|Any CPU.ActiveCfg = Debug|Any CPU
		{2107C2CB-EE60-4407-952A-9438106C15BF}.Debug|Any CPU.Build.0 = Debug|Any CPU
		{2107C2CB-EE60-4407-952A-9438106C15BF}.Release|Any CPU.ActiveCfg = Release|Any CPU
		{2107C2CB-EE60-4407-952A-9438106C15BF}.Release|Any CPU.Build.0 = Release|Any CPU
		{6A6851C4-326B-4F2D-889E-A31ABA820273}.Debug|Any CPU.ActiveCfg = Debug|Any CPU
		{6A6851C4-326B-4F2D-889E-A31ABA820273}.Debug|Any CPU.Build.0 = Debug|Any CPU
		{6A6851C4-326B-4F2D-889E-A31ABA820273}.Release|Any CPU.ActiveCfg = Release|Any CPU
		{6A6851C4-326B-4F2D-889E-A31ABA820273}.Release|Any CPU.Build.0 = Release|Any CPU
		{152A8759-48D1-42A7-93F7-CFBCA3F6567D}.Debug|Any CPU.ActiveCfg = Debug|Any CPU
		{152A8759-48D1-42A7-93F7-CFBCA3F6567D}.Debug|Any CPU.Build.0 = Debug|Any CPU
		{152A8759-48D1-42A7-93F7-CFBCA3F6567D}.Release|Any CPU.ActiveCfg = Release|Any CPU
		{152A8759-48D1-42A7-93F7-CFBCA3F6567D}.Release|Any CPU.Build.0 = Release|Any CPU
		{32C73961-A4EA-4A91-BC85-DAFF87C8E49F}.Debug|Any CPU.ActiveCfg = Debug|Any CPU
		{32C73961-A4EA-4A91-BC85-DAFF87C8E49F}.Debug|Any CPU.Build.0 = Debug|Any CPU
		{32C73961-A4EA-4A91-BC85-DAFF87C8E49F}.Release|Any CPU.ActiveCfg = Release|Any CPU
		{32C73961-A4EA-4A91-BC85-DAFF87C8E49F}.Release|Any CPU.Build.0 = Release|Any CPU
	EndGlobalSection
	GlobalSection(SolutionProperties) = preSolution
		HideSolutionNode = FALSE
	EndGlobalSection
	GlobalSection(NestedProjects) = preSolution
		{E0C03125-2245-4104-90CB-ED89B6ED4FB9} = {5BB499E2-8F2A-4321-8FF9-E1FA2B8CEAF4}
		{2107C2CB-EE60-4407-952A-9438106C15BF} = {5BB499E2-8F2A-4321-8FF9-E1FA2B8CEAF4}
		{152A8759-48D1-42A7-93F7-CFBCA3F6567D} = {5BB499E2-8F2A-4321-8FF9-E1FA2B8CEAF4}
		{32C73961-A4EA-4A91-BC85-DAFF87C8E49F} = {5BB499E2-8F2A-4321-8FF9-E1FA2B8CEAF4}
	EndGlobalSection
	GlobalSection(ExtensibilityGlobals) = postSolution
		SolutionGuid = {411DAF9B-E0EF-4F6B-9C7F-4966D50B29B1}
	EndGlobalSection
EndGlobal
